
Microsoft Visual Studio Solution File, Format Version 12.00
# Visual Studio Version 17
VisualStudioVersion = 17.9.34616.47
MinimumVisualStudioVersion = 10.0.40219.1
Project("{9A19103F-16F7-4668-BE54-9A1E7A4F7556}") = "tpmodul8_1302223039", "tpmodul8_1302223039\tpmodul8_1302223039.csproj", "{59D00D62-7D41-40EE-BE5C-4AC8D46E3C23}"
EndProject
Project("{2150E333-8FDC-42A3-9474-1A3956D46DE8}") = "Solution Items", "Solution Items", "{1DEDA99B-E51D-4802-B50D-0E294C91CD58}"
EndProject
Global
	GlobalSection(SolutionConfigurationPlatforms) = preSolution
		Debug|Any CPU = Debug|Any CPU
		Release|Any CPU = Release|Any CPU
	EndGlobalSection
	GlobalSection(ProjectConfigurationPlatforms) = postSolution
		{59D00D62-7D41-40EE-BE5C-4AC8D46E3C23}.Debug|Any CPU.ActiveCfg = Debug|Any CPU
		{59D00D62-7D41-40EE-BE5C-4AC8D46E3C23}.Debug|Any CPU.Build.0 = Debug|Any CPU
		{59D00D62-7D41-40EE-BE5C-4AC8D46E3C23}.Release|Any CPU.ActiveCfg = Release|Any CPU
		{59D00D62-7D41-40EE-BE5C-4AC8D46E3C23}.Release|Any CPU.Build.0 = Release|Any CPU
	EndGlobalSection
	GlobalSection(SolutionProperties) = preSolution
		HideSolutionNode = FALSE
	EndGlobalSection
	GlobalSection(ExtensibilityGlobals) = postSolution
		SolutionGuid = {5E850E6B-841B-41B9-A3C6-38E69DC8315E}
	EndGlobalSection
EndGlobal
